
Microsoft Visual Studio Solution File, Format Version 12.00
# Visual Studio Version 17
VisualStudioVersion = 17.0.31903.59
MinimumVisualStudioVersion = 10.0.40219.1
Project("{FAE04EC0-301F-11D3-BF4B-00C04F79EFBC}") = "Clinica.SharedKernel", "Clinica.SharedKernel\Clinica.SharedKernel.csproj", "{383E0509-EDE2-40AC-A90D-12564F05012F}"
EndProject
Project("{FAE04EC0-301F-11D3-BF4B-00C04F79EFBC}") = "Clinica.Api", "Clinica.Api\Clinica.Api.csproj", "{6F7C89C7-A1FC-4863-9F30-2913D86F7FE6}"
EndProject
Project("{2150E333-8FDC-42A3-9474-1A3956D46DE8}") = "Modules", "Modules", "{CA253913-39DE-BFD0-C9A3-4B7EC6FBDF17}"
EndProject
Project("{2150E333-8FDC-42A3-9474-1A3956D46DE8}") = "Seguridad", "Seguridad", "{3012E429-32C6-6F7F-04E4-AF65854B25B1}"
EndProject
Project("{FAE04EC0-301F-11D3-BF4B-00C04F79EFBC}") = "Clinica.Modules.Seguridad.Infrastructure", "Modules\Seguridad\Clinica.Modules.Seguridad.Infrastructure\Clinica.Modules.Seguridad.Infrastructure.csproj", "{EEE019E1-7B19-4E4D-8CCE-EB4B4BD0F726}"
EndProject
Project("{FAE04EC0-301F-11D3-BF4B-00C04F79EFBC}") = "Clinica.Modules.Seguridad.Application", "Modules\Seguridad\Clinica.Modules.Seguridad.Application\Clinica.Modules.Seguridad.Application.csproj", "{C24F6E69-EDE4-4D7A-A3C9-DB01793D6915}"
EndProject
Project("{FAE04EC0-301F-11D3-BF4B-00C04F79EFBC}") = "Clinica.Modules.Seguridad.Presentation", "Modules\Seguridad\Clinica.Modules.Seguridad.Presentation\Clinica.Modules.Seguridad.Presentation.csproj", "{D4A58510-B04A-4559-B926-BD554862C323}"
EndProject
Project("{2150E333-8FDC-42A3-9474-1A3956D46DE8}") = "Parametros", "Parametros", "{6D8791B0-2E9B-9D7C-238E-24C7A63BC390}"
EndProject
Project("{FAE04EC0-301F-11D3-BF4B-00C04F79EFBC}") = "Clinica.Modules.Parametros.Infrastructure", "Modules\Parametros\Clinica.Modules.Parametros.Infrastructure\Clinica.Modules.Parametros.Infrastructure.csproj", "{8D343F08-2E93-40E7-B407-83341BA0ED9D}"
EndProject
Project("{FAE04EC0-301F-11D3-BF4B-00C04F79EFBC}") = "Clinica.Modules.Parametros.Application", "Modules\Parametros\Clinica.Modules.Parametros.Application\Clinica.Modules.Parametros.Application.csproj", "{953C915E-F268-40DF-BE7C-D7E6CFF29B30}"
EndProject
Project("{FAE04EC0-301F-11D3-BF4B-00C04F79EFBC}") = "Clinica.Modules.Parametros.Domain", "Modules\Parametros\Clinica.Modules.Parametros.Domain\Clinica.Modules.Parametros.Domain.csproj", "{DB0BC9B4-6BE6-4407-849B-003F6F226D67}"
EndProject
Project("{FAE04EC0-301F-11D3-BF4B-00C04F79EFBC}") = "Clinica.Modules.Parametros.Presentation", "Modules\Parametros\Clinica.Modules.Parametros.Presentation\Clinica.Modules.Parametros.Presentation.csproj", "{85F285CF-10D9-4DCA-9FC8-071AA3F7E4F5}"
EndProject
Project("{2150E333-8FDC-42A3-9474-1A3956D46DE8}") = "Workflow", "Workflow", "{85280D5D-5A8D-E4C5-03EB-5861EF493279}"
EndProject
Project("{FAE04EC0-301F-11D3-BF4B-00C04F79EFBC}") = "Clinica.Modules.Workflow.Infrastructure", "Modules\Workflow\Clinica.Modules.Workflow.Infrastructure\Clinica.Modules.Workflow.Infrastructure.csproj", "{2E644C98-CDBD-44B7-B44B-148B7C48D584}"
EndProject
Project("{FAE04EC0-301F-11D3-BF4B-00C04F79EFBC}") = "Clinica.Modules.Workflow.Application", "Modules\Workflow\Clinica.Modules.Workflow.Application\Clinica.Modules.Workflow.Application.csproj", "{F0AAC794-5266-45CE-8511-DD2171D4198D}"
EndProject
Project("{FAE04EC0-301F-11D3-BF4B-00C04F79EFBC}") = "Clinica.Modules.Workflow.Domain", "Modules\Workflow\Clinica.Modules.Workflow.Domain\Clinica.Modules.Workflow.Domain.csproj", "{C2CB6166-7D16-4135-92E4-DDE7E487E614}"
EndProject
Project("{FAE04EC0-301F-11D3-BF4B-00C04F79EFBC}") = "Clinica.Modules.Workflow.Presentation", "Modules\Workflow\Clinica.Modules.Workflow.Presentation\Clinica.Modules.Workflow.Presentation.csproj", "{FA560D34-EBFB-4F63-AAF3-43F4238B8BBB}"
EndProject
Project("{2150E333-8FDC-42A3-9474-1A3956D46DE8}") = "RecursosHumanos", "RecursosHumanos", "{15ECD91A-19B0-9C9D-8F13-3531AF2D559A}"
EndProject
Project("{FAE04EC0-301F-11D3-BF4B-00C04F79EFBC}") = "Clinica.Modules.RecursosHumanos.Domain", "Modules\RecursosHumanos\Clinica.Modules.RecursosHumanos.Domain\Clinica.Modules.RecursosHumanos.Domain.csproj", "{1B8B39EC-D54E-4E69-8E2B-0E3FD0399CF5}"
EndProject
Project("{FAE04EC0-301F-11D3-BF4B-00C04F79EFBC}") = "Clinica.Modules.RecursosHumanos.Application", "Modules\RecursosHumanos\Clinica.Modules.RecursosHumanos.Application\Clinica.Modules.RecursosHumanos.Application.csproj", "{2D39FA60-3454-4766-97B5-21A1A6D64B31}"
EndProject
Project("{FAE04EC0-301F-11D3-BF4B-00C04F79EFBC}") = "Clinica.Modules.RecursosHumanos.Infrastructure", "Modules\RecursosHumanos\Clinica.Modules.RecursosHumanos.Infrastructure\Clinica.Modules.RecursosHumanos.Infrastructure.csproj", "{75658CCC-5BE9-4EB0-80CC-11AFE00B4094}"
EndProject
Project("{FAE04EC0-301F-11D3-BF4B-00C04F79EFBC}") = "Clinica.Modules.RecursosHumanos.Presentation", "Modules\RecursosHumanos\Clinica.Modules.RecursosHumanos.Presentation\Clinica.Modules.RecursosHumanos.Presentation.csproj", "{37B877E5-48BB-442B-B5FF-1B943C344619}"
EndProject
Project("{2150E333-8FDC-42A3-9474-1A3956D46DE8}") = "Personas", "Personas", "{2C45D3E7-0C4E-FDC1-9E31-2AF62B189DEA}"
EndProject
Project("{FAE04EC0-301F-11D3-BF4B-00C04F79EFBC}") = "Clinica.Modules.Personas.Domain", "Modules\Personas\Clinica.Modules.Personas.Domain\Clinica.Modules.Personas.Domain.csproj", "{6D0C13CC-89D5-40C6-A6D8-C694D7148138}"
EndProject
Project("{FAE04EC0-301F-11D3-BF4B-00C04F79EFBC}") = "Clinica.Modules.Personas.Application", "Modules\Personas\Clinica.Modules.Personas.Application\Clinica.Modules.Personas.Application.csproj", "{32E6E053-2F18-49E7-8357-F97BA95BD244}"
EndProject
Project("{FAE04EC0-301F-11D3-BF4B-00C04F79EFBC}") = "Clinica.Modules.Personas.Infrastructure", "Modules\Personas\Clinica.Modules.Personas.Infrastructure\Clinica.Modules.Personas.Infrastructure.csproj", "{69D843BC-CB59-49C0-8171-D80B75C95973}"
EndProject
Project("{FAE04EC0-301F-11D3-BF4B-00C04F79EFBC}") = "Clinica.Modules.Personas.Presentation", "Modules\Personas\Clinica.Modules.Personas.Presentation\Clinica.Modules.Personas.Presentation.csproj", "{E8F8EBF8-BF1F-4079-A387-59F7F6F5DE4A}"
EndProject
Global
	GlobalSection(SolutionConfigurationPlatforms) = preSolution
		Debug|Any CPU = Debug|Any CPU
		Debug|x64 = Debug|x64
		Debug|x86 = Debug|x86
		Release|Any CPU = Release|Any CPU
		Release|x64 = Release|x64
		Release|x86 = Release|x86
	EndGlobalSection
	GlobalSection(ProjectConfigurationPlatforms) = postSolution
		{383E0509-EDE2-40AC-A90D-12564F05012F}.Debug|Any CPU.ActiveCfg = Debug|Any CPU
		{383E0509-EDE2-40AC-A90D-12564F05012F}.Debug|Any CPU.Build.0 = Debug|Any CPU
		{383E0509-EDE2-40AC-A90D-12564F05012F}.Debug|x64.ActiveCfg = Debug|Any CPU
		{383E0509-EDE2-40AC-A90D-12564F05012F}.Debug|x64.Build.0 = Debug|Any CPU
		{383E0509-EDE2-40AC-A90D-12564F05012F}.Debug|x86.ActiveCfg = Debug|Any CPU
		{383E0509-EDE2-40AC-A90D-12564F05012F}.Debug|x86.Build.0 = Debug|Any CPU
		{383E0509-EDE2-40AC-A90D-12564F05012F}.Release|Any CPU.ActiveCfg = Release|Any CPU
		{383E0509-EDE2-40AC-A90D-12564F05012F}.Release|Any CPU.Build.0 = Release|Any CPU
		{383E0509-EDE2-40AC-A90D-12564F05012F}.Release|x64.ActiveCfg = Release|Any CPU
		{383E0509-EDE2-40AC-A90D-12564F05012F}.Release|x64.Build.0 = Release|Any CPU
		{383E0509-EDE2-40AC-A90D-12564F05012F}.Release|x86.ActiveCfg = Release|Any CPU
		{383E0509-EDE2-40AC-A90D-12564F05012F}.Release|x86.Build.0 = Release|Any CPU
		{6F7C89C7-A1FC-4863-9F30-2913D86F7FE6}.Debug|Any CPU.ActiveCfg = Debug|Any CPU
		{6F7C89C7-A1FC-4863-9F30-2913D86F7FE6}.Debug|Any CPU.Build.0 = Debug|Any CPU
		{6F7C89C7-A1FC-4863-9F30-2913D86F7FE6}.Debug|x64.ActiveCfg = Debug|Any CPU
		{6F7C89C7-A1FC-4863-9F30-2913D86F7FE6}.Debug|x64.Build.0 = Debug|Any CPU
		{6F7C89C7-A1FC-4863-9F30-2913D86F7FE6}.Debug|x86.ActiveCfg = Debug|Any CPU
		{6F7C89C7-A1FC-4863-9F30-2913D86F7FE6}.Debug|x86.Build.0 = Debug|Any CPU
		{6F7C89C7-A1FC-4863-9F30-2913D86F7FE6}.Release|Any CPU.ActiveCfg = Release|Any CPU
		{6F7C89C7-A1FC-4863-9F30-2913D86F7FE6}.Release|Any CPU.Build.0 = Release|Any CPU
		{6F7C89C7-A1FC-4863-9F30-2913D86F7FE6}.Release|x64.ActiveCfg = Release|Any CPU
		{6F7C89C7-A1FC-4863-9F30-2913D86F7FE6}.Release|x64.Build.0 = Release|Any CPU
		{6F7C89C7-A1FC-4863-9F30-2913D86F7FE6}.Release|x86.ActiveCfg = Release|Any CPU
		{6F7C89C7-A1FC-4863-9F30-2913D86F7FE6}.Release|x86.Build.0 = Release|Any CPU
		{EEE019E1-7B19-4E4D-8CCE-EB4B4BD0F726}.Debug|Any CPU.ActiveCfg = Debug|Any CPU
		{EEE019E1-7B19-4E4D-8CCE-EB4B4BD0F726}.Debug|Any CPU.Build.0 = Debug|Any CPU
		{EEE019E1-7B19-4E4D-8CCE-EB4B4BD0F726}.Debug|x64.ActiveCfg = Debug|Any CPU
		{EEE019E1-7B19-4E4D-8CCE-EB4B4BD0F726}.Debug|x64.Build.0 = Debug|Any CPU
		{EEE019E1-7B19-4E4D-8CCE-EB4B4BD0F726}.Debug|x86.ActiveCfg = Debug|Any CPU
		{EEE019E1-7B19-4E4D-8CCE-EB4B4BD0F726}.Debug|x86.Build.0 = Debug|Any CPU
		{EEE019E1-7B19-4E4D-8CCE-EB4B4BD0F726}.Release|Any CPU.ActiveCfg = Release|Any CPU
		{EEE019E1-7B19-4E4D-8CCE-EB4B4BD0F726}.Release|Any CPU.Build.0 = Release|Any CPU
		{EEE019E1-7B19-4E4D-8CCE-EB4B4BD0F726}.Release|x64.ActiveCfg = Release|Any CPU
		{EEE019E1-7B19-4E4D-8CCE-EB4B4BD0F726}.Release|x64.Build.0 = Release|Any CPU
		{EEE019E1-7B19-4E4D-8CCE-EB4B4BD0F726}.Release|x86.ActiveCfg = Release|Any CPU
		{EEE019E1-7B19-4E4D-8CCE-EB4B4BD0F726}.Release|x86.Build.0 = Release|Any CPU
		{C24F6E69-EDE4-4D7A-A3C9-DB01793D6915}.Debug|Any CPU.ActiveCfg = Debug|Any CPU
		{C24F6E69-EDE4-4D7A-A3C9-DB01793D6915}.Debug|Any CPU.Build.0 = Debug|Any CPU
		{C24F6E69-EDE4-4D7A-A3C9-DB01793D6915}.Debug|x64.ActiveCfg = Debug|Any CPU
		{C24F6E69-EDE4-4D7A-A3C9-DB01793D6915}.Debug|x64.Build.0 = Debug|Any CPU
		{C24F6E69-EDE4-4D7A-A3C9-DB01793D6915}.Debug|x86.ActiveCfg = Debug|Any CPU
		{C24F6E69-EDE4-4D7A-A3C9-DB01793D6915}.Debug|x86.Build.0 = Debug|Any CPU
		{C24F6E69-EDE4-4D7A-A3C9-DB01793D6915}.Release|Any CPU.ActiveCfg = Release|Any CPU
		{C24F6E69-EDE4-4D7A-A3C9-DB01793D6915}.Release|Any CPU.Build.0 = Release|Any CPU
		{C24F6E69-EDE4-4D7A-A3C9-DB01793D6915}.Release|x64.ActiveCfg = Release|Any CPU
		{C24F6E69-EDE4-4D7A-A3C9-DB01793D6915}.Release|x64.Build.0 = Release|Any CPU
		{C24F6E69-EDE4-4D7A-A3C9-DB01793D6915}.Release|x86.ActiveCfg = Release|Any CPU
		{C24F6E69-EDE4-4D7A-A3C9-DB01793D6915}.Release|x86.Build.0 = Release|Any CPU
		{D4A58510-B04A-4559-B926-BD554862C323}.Debug|Any CPU.ActiveCfg = Debug|Any CPU
		{D4A58510-B04A-4559-B926-BD554862C323}.Debug|Any CPU.Build.0 = Debug|Any CPU
		{D4A58510-B04A-4559-B926-BD554862C323}.Debug|x64.ActiveCfg = Debug|Any CPU
		{D4A58510-B04A-4559-B926-BD554862C323}.Debug|x64.Build.0 = Debug|Any CPU
		{D4A58510-B04A-4559-B926-BD554862C323}.Debug|x86.ActiveCfg = Debug|Any CPU
		{D4A58510-B04A-4559-B926-BD554862C323}.Debug|x86.Build.0 = Debug|Any CPU
		{D4A58510-B04A-4559-B926-BD554862C323}.Release|Any CPU.ActiveCfg = Release|Any CPU
		{D4A58510-B04A-4559-B926-BD554862C323}.Release|Any CPU.Build.0 = Release|Any CPU
		{D4A58510-B04A-4559-B926-BD554862C323}.Release|x64.ActiveCfg = Release|Any CPU
		{D4A58510-B04A-4559-B926-BD554862C323}.Release|x64.Build.0 = Release|Any CPU
		{D4A58510-B04A-4559-B926-BD554862C323}.Release|x86.ActiveCfg = Release|Any CPU
		{D4A58510-B04A-4559-B926-BD554862C323}.Release|x86.Build.0 = Release|Any CPU
		{8D343F08-2E93-40E7-B407-83341BA0ED9D}.Debug|Any CPU.ActiveCfg = Debug|Any CPU
		{8D343F08-2E93-40E7-B407-83341BA0ED9D}.Debug|Any CPU.Build.0 = Debug|Any CPU
		{8D343F08-2E93-40E7-B407-83341BA0ED9D}.Debug|x64.ActiveCfg = Debug|Any CPU
		{8D343F08-2E93-40E7-B407-83341BA0ED9D}.Debug|x64.Build.0 = Debug|Any CPU
		{8D343F08-2E93-40E7-B407-83341BA0ED9D}.Debug|x86.ActiveCfg = Debug|Any CPU
		{8D343F08-2E93-40E7-B407-83341BA0ED9D}.Debug|x86.Build.0 = Debug|Any CPU
		{8D343F08-2E93-40E7-B407-83341BA0ED9D}.Release|Any CPU.ActiveCfg = Release|Any CPU
		{8D343F08-2E93-40E7-B407-83341BA0ED9D}.Release|Any CPU.Build.0 = Release|Any CPU
		{8D343F08-2E93-40E7-B407-83341BA0ED9D}.Release|x64.ActiveCfg = Release|Any CPU
		{8D343F08-2E93-40E7-B407-83341BA0ED9D}.Release|x64.Build.0 = Release|Any CPU
		{8D343F08-2E93-40E7-B407-83341BA0ED9D}.Release|x86.ActiveCfg = Release|Any CPU
		{8D343F08-2E93-40E7-B407-83341BA0ED9D}.Release|x86.Build.0 = Release|Any CPU
		{953C915E-F268-40DF-BE7C-D7E6CFF29B30}.Debug|Any CPU.ActiveCfg = Debug|Any CPU
		{953C915E-F268-40DF-BE7C-D7E6CFF29B30}.Debug|Any CPU.Build.0 = Debug|Any CPU
		{953C915E-F268-40DF-BE7C-D7E6CFF29B30}.Debug|x64.ActiveCfg = Debug|Any CPU
		{953C915E-F268-40DF-BE7C-D7E6CFF29B30}.Debug|x64.Build.0 = Debug|Any CPU
		{953C915E-F268-40DF-BE7C-D7E6CFF29B30}.Debug|x86.ActiveCfg = Debug|Any CPU
		{953C915E-F268-40DF-BE7C-D7E6CFF29B30}.Debug|x86.Build.0 = Debug|Any CPU
		{953C915E-F268-40DF-BE7C-D7E6CFF29B30}.Release|Any CPU.ActiveCfg = Release|Any CPU
		{953C915E-F268-40DF-BE7C-D7E6CFF29B30}.Release|Any CPU.Build.0 = Release|Any CPU
		{953C915E-F268-40DF-BE7C-D7E6CFF29B30}.Release|x64.ActiveCfg = Release|Any CPU
		{953C915E-F268-40DF-BE7C-D7E6CFF29B30}.Release|x64.Build.0 = Release|Any CPU
		{953C915E-F268-40DF-BE7C-D7E6CFF29B30}.Release|x86.ActiveCfg = Release|Any CPU
		{953C915E-F268-40DF-BE7C-D7E6CFF29B30}.Release|x86.Build.0 = Release|Any CPU
		{DB0BC9B4-6BE6-4407-849B-003F6F226D67}.Debug|Any CPU.ActiveCfg = Debug|Any CPU
		{DB0BC9B4-6BE6-4407-849B-003F6F226D67}.Debug|Any CPU.Build.0 = Debug|Any CPU
		{DB0BC9B4-6BE6-4407-849B-003F6F226D67}.Debug|x64.ActiveCfg = Debug|Any CPU
		{DB0BC9B4-6BE6-4407-849B-003F6F226D67}.Debug|x64.Build.0 = Debug|Any CPU
		{DB0BC9B4-6BE6-4407-849B-003F6F226D67}.Debug|x86.ActiveCfg = Debug|Any CPU
		{DB0BC9B4-6BE6-4407-849B-003F6F226D67}.Debug|x86.Build.0 = Debug|Any CPU
		{DB0BC9B4-6BE6-4407-849B-003F6F226D67}.Release|Any CPU.ActiveCfg = Release|Any CPU
		{DB0BC9B4-6BE6-4407-849B-003F6F226D67}.Release|Any CPU.Build.0 = Release|Any CPU
		{DB0BC9B4-6BE6-4407-849B-003F6F226D67}.Release|x64.ActiveCfg = Release|Any CPU
		{DB0BC9B4-6BE6-4407-849B-003F6F226D67}.Release|x64.Build.0 = Release|Any CPU
		{DB0BC9B4-6BE6-4407-849B-003F6F226D67}.Release|x86.ActiveCfg = Release|Any CPU
		{DB0BC9B4-6BE6-4407-849B-003F6F226D67}.Release|x86.Build.0 = Release|Any CPU
		{85F285CF-10D9-4DCA-9FC8-071AA3F7E4F5}.Debug|Any CPU.ActiveCfg = Debug|Any CPU
		{85F285CF-10D9-4DCA-9FC8-071AA3F7E4F5}.Debug|Any CPU.Build.0 = Debug|Any CPU
		{85F285CF-10D9-4DCA-9FC8-071AA3F7E4F5}.Debug|x64.ActiveCfg = Debug|Any CPU
		{85F285CF-10D9-4DCA-9FC8-071AA3F7E4F5}.Debug|x64.Build.0 = Debug|Any CPU
		{85F285CF-10D9-4DCA-9FC8-071AA3F7E4F5}.Debug|x86.ActiveCfg = Debug|Any CPU
		{85F285CF-10D9-4DCA-9FC8-071AA3F7E4F5}.Debug|x86.Build.0 = Debug|Any CPU
		{85F285CF-10D9-4DCA-9FC8-071AA3F7E4F5}.Release|Any CPU.ActiveCfg = Release|Any CPU
		{85F285CF-10D9-4DCA-9FC8-071AA3F7E4F5}.Release|Any CPU.Build.0 = Release|Any CPU
		{85F285CF-10D9-4DCA-9FC8-071AA3F7E4F5}.Release|x64.ActiveCfg = Release|Any CPU
		{85F285CF-10D9-4DCA-9FC8-071AA3F7E4F5}.Release|x64.Build.0 = Release|Any CPU
		{85F285CF-10D9-4DCA-9FC8-071AA3F7E4F5}.Release|x86.ActiveCfg = Release|Any CPU
		{85F285CF-10D9-4DCA-9FC8-071AA3F7E4F5}.Release|x86.Build.0 = Release|Any CPU
		{2E644C98-CDBD-44B7-B44B-148B7C48D584}.Debug|Any CPU.ActiveCfg = Debug|Any CPU
		{2E644C98-CDBD-44B7-B44B-148B7C48D584}.Debug|Any CPU.Build.0 = Debug|Any CPU
		{2E644C98-CDBD-44B7-B44B-148B7C48D584}.Debug|x64.ActiveCfg = Debug|Any CPU
		{2E644C98-CDBD-44B7-B44B-148B7C48D584}.Debug|x64.Build.0 = Debug|Any CPU
		{2E644C98-CDBD-44B7-B44B-148B7C48D584}.Debug|x86.ActiveCfg = Debug|Any CPU
		{2E644C98-CDBD-44B7-B44B-148B7C48D584}.Debug|x86.Build.0 = Debug|Any CPU
		{2E644C98-CDBD-44B7-B44B-148B7C48D584}.Release|Any CPU.ActiveCfg = Release|Any CPU
		{2E644C98-CDBD-44B7-B44B-148B7C48D584}.Release|Any CPU.Build.0 = Release|Any CPU
		{2E644C98-CDBD-44B7-B44B-148B7C48D584}.Release|x64.ActiveCfg = Release|Any CPU
		{2E644C98-CDBD-44B7-B44B-148B7C48D584}.Release|x64.Build.0 = Release|Any CPU
		{2E644C98-CDBD-44B7-B44B-148B7C48D584}.Release|x86.ActiveCfg = Release|Any CPU
		{2E644C98-CDBD-44B7-B44B-148B7C48D584}.Release|x86.Build.0 = Release|Any CPU
		{F0AAC794-5266-45CE-8511-DD2171D4198D}.Debug|Any CPU.ActiveCfg = Debug|Any CPU
		{F0AAC794-5266-45CE-8511-DD2171D4198D}.Debug|Any CPU.Build.0 = Debug|Any CPU
		{F0AAC794-5266-45CE-8511-DD2171D4198D}.Debug|x64.ActiveCfg = Debug|Any CPU
		{F0AAC794-5266-45CE-8511-DD2171D4198D}.Debug|x64.Build.0 = Debug|Any CPU
		{F0AAC794-5266-45CE-8511-DD2171D4198D}.Debug|x86.ActiveCfg = Debug|Any CPU
		{F0AAC794-5266-45CE-8511-DD2171D4198D}.Debug|x86.Build.0 = Debug|Any CPU
		{F0AAC794-5266-45CE-8511-DD2171D4198D}.Release|Any CPU.ActiveCfg = Release|Any CPU
		{F0AAC794-5266-45CE-8511-DD2171D4198D}.Release|Any CPU.Build.0 = Release|Any CPU
		{F0AAC794-5266-45CE-8511-DD2171D4198D}.Release|x64.ActiveCfg = Release|Any CPU
		{F0AAC794-5266-45CE-8511-DD2171D4198D}.Release|x64.Build.0 = Release|Any CPU
		{F0AAC794-5266-45CE-8511-DD2171D4198D}.Release|x86.ActiveCfg = Release|Any CPU
		{F0AAC794-5266-45CE-8511-DD2171D4198D}.Release|x86.Build.0 = Release|Any CPU
		{C2CB6166-7D16-4135-92E4-DDE7E487E614}.Debug|Any CPU.ActiveCfg = Debug|Any CPU
		{C2CB6166-7D16-4135-92E4-DDE7E487E614}.Debug|Any CPU.Build.0 = Debug|Any CPU
		{C2CB6166-7D16-4135-92E4-DDE7E487E614}.Debug|x64.ActiveCfg = Debug|Any CPU
		{C2CB6166-7D16-4135-92E4-DDE7E487E614}.Debug|x64.Build.0 = Debug|Any CPU
		{C2CB6166-7D16-4135-92E4-DDE7E487E614}.Debug|x86.ActiveCfg = Debug|Any CPU
		{C2CB6166-7D16-4135-92E4-DDE7E487E614}.Debug|x86.Build.0 = Debug|Any CPU
		{C2CB6166-7D16-4135-92E4-DDE7E487E614}.Release|Any CPU.ActiveCfg = Release|Any CPU
		{C2CB6166-7D16-4135-92E4-DDE7E487E614}.Release|Any CPU.Build.0 = Release|Any CPU
		{C2CB6166-7D16-4135-92E4-DDE7E487E614}.Release|x64.ActiveCfg = Release|Any CPU
		{C2CB6166-7D16-4135-92E4-DDE7E487E614}.Release|x64.Build.0 = Release|Any CPU
		{C2CB6166-7D16-4135-92E4-DDE7E487E614}.Release|x86.ActiveCfg = Release|Any CPU
		{C2CB6166-7D16-4135-92E4-DDE7E487E614}.Release|x86.Build.0 = Release|Any CPU
		{FA560D34-EBFB-4F63-AAF3-43F4238B8BBB}.Debug|Any CPU.ActiveCfg = Debug|Any CPU
		{FA560D34-EBFB-4F63-AAF3-43F4238B8BBB}.Debug|Any CPU.Build.0 = Debug|Any CPU
		{FA560D34-EBFB-4F63-AAF3-43F4238B8BBB}.Debug|x64.ActiveCfg = Debug|Any CPU
		{FA560D34-EBFB-4F63-AAF3-43F4238B8BBB}.Debug|x64.Build.0 = Debug|Any CPU
		{FA560D34-EBFB-4F63-AAF3-43F4238B8BBB}.Debug|x86.ActiveCfg = Debug|Any CPU
		{FA560D34-EBFB-4F63-AAF3-43F4238B8BBB}.Debug|x86.Build.0 = Debug|Any CPU
		{FA560D34-EBFB-4F63-AAF3-43F4238B8BBB}.Release|Any CPU.ActiveCfg = Release|Any CPU
		{FA560D34-EBFB-4F63-AAF3-43F4238B8BBB}.Release|Any CPU.Build.0 = Release|Any CPU
		{FA560D34-EBFB-4F63-AAF3-43F4238B8BBB}.Release|x64.ActiveCfg = Release|Any CPU
		{FA560D34-EBFB-4F63-AAF3-43F4238B8BBB}.Release|x64.Build.0 = Release|Any CPU
		{FA560D34-EBFB-4F63-AAF3-43F4238B8BBB}.Release|x86.ActiveCfg = Release|Any CPU
		{FA560D34-EBFB-4F63-AAF3-43F4238B8BBB}.Release|x86.Build.0 = Release|Any CPU
		{1B8B39EC-D54E-4E69-8E2B-0E3FD0399CF5}.Debug|Any CPU.ActiveCfg = Debug|Any CPU
		{1B8B39EC-D54E-4E69-8E2B-0E3FD0399CF5}.Debug|Any CPU.Build.0 = Debug|Any CPU
		{1B8B39EC-D54E-4E69-8E2B-0E3FD0399CF5}.Debug|x64.ActiveCfg = Debug|Any CPU
		{1B8B39EC-D54E-4E69-8E2B-0E3FD0399CF5}.Debug|x64.Build.0 = Debug|Any CPU
		{1B8B39EC-D54E-4E69-8E2B-0E3FD0399CF5}.Debug|x86.ActiveCfg = Debug|Any CPU
		{1B8B39EC-D54E-4E69-8E2B-0E3FD0399CF5}.Debug|x86.Build.0 = Debug|Any CPU
		{1B8B39EC-D54E-4E69-8E2B-0E3FD0399CF5}.Release|Any CPU.ActiveCfg = Release|Any CPU
		{1B8B39EC-D54E-4E69-8E2B-0E3FD0399CF5}.Release|Any CPU.Build.0 = Release|Any CPU
		{1B8B39EC-D54E-4E69-8E2B-0E3FD0399CF5}.Release|x64.ActiveCfg = Release|Any CPU
		{1B8B39EC-D54E-4E69-8E2B-0E3FD0399CF5}.Release|x64.Build.0 = Release|Any CPU
		{1B8B39EC-D54E-4E69-8E2B-0E3FD0399CF5}.Release|x86.ActiveCfg = Release|Any CPU
		{1B8B39EC-D54E-4E69-8E2B-0E3FD0399CF5}.Release|x86.Build.0 = Release|Any CPU
		{2D39FA60-3454-4766-97B5-21A1A6D64B31}.Debug|Any CPU.ActiveCfg = Debug|Any CPU
		{2D39FA60-3454-4766-97B5-21A1A6D64B31}.Debug|Any CPU.Build.0 = Debug|Any CPU
		{2D39FA60-3454-4766-97B5-21A1A6D64B31}.Debug|x64.ActiveCfg = Debug|Any CPU
		{2D39FA60-3454-4766-97B5-21A1A6D64B31}.Debug|x64.Build.0 = Debug|Any CPU
		{2D39FA60-3454-4766-97B5-21A1A6D64B31}.Debug|x86.ActiveCfg = Debug|Any CPU
		{2D39FA60-3454-4766-97B5-21A1A6D64B31}.Debug|x86.Build.0 = Debug|Any CPU
		{2D39FA60-3454-4766-97B5-21A1A6D64B31}.Release|Any CPU.ActiveCfg = Release|Any CPU
		{2D39FA60-3454-4766-97B5-21A1A6D64B31}.Release|Any CPU.Build.0 = Release|Any CPU
		{2D39FA60-3454-4766-97B5-21A1A6D64B31}.Release|x64.ActiveCfg = Release|Any CPU
		{2D39FA60-3454-4766-97B5-21A1A6D64B31}.Release|x64.Build.0 = Release|Any CPU
		{2D39FA60-3454-4766-97B5-21A1A6D64B31}.Release|x86.ActiveCfg = Release|Any CPU
		{2D39FA60-3454-4766-97B5-21A1A6D64B31}.Release|x86.Build.0 = Release|Any CPU
		{75658CCC-5BE9-4EB0-80CC-11AFE00B4094}.Debug|Any CPU.ActiveCfg = Debug|Any CPU
		{75658CCC-5BE9-4EB0-80CC-11AFE00B4094}.Debug|Any CPU.Build.0 = Debug|Any CPU
		{75658CCC-5BE9-4EB0-80CC-11AFE00B4094}.Debug|x64.ActiveCfg = Debug|Any CPU
		{75658CCC-5BE9-4EB0-80CC-11AFE00B4094}.Debug|x64.Build.0 = Debug|Any CPU
		{75658CCC-5BE9-4EB0-80CC-11AFE00B4094}.Debug|x86.ActiveCfg = Debug|Any CPU
		{75658CCC-5BE9-4EB0-80CC-11AFE00B4094}.Debug|x86.Build.0 = Debug|Any CPU
		{75658CCC-5BE9-4EB0-80CC-11AFE00B4094}.Release|Any CPU.ActiveCfg = Release|Any CPU
		{75658CCC-5BE9-4EB0-80CC-11AFE00B4094}.Release|Any CPU.Build.0 = Release|Any CPU
		{75658CCC-5BE9-4EB0-80CC-11AFE00B4094}.Release|x64.ActiveCfg = Release|Any CPU
		{75658CCC-5BE9-4EB0-80CC-11AFE00B4094}.Release|x64.Build.0 = Release|Any CPU
		{75658CCC-5BE9-4EB0-80CC-11AFE00B4094}.Release|x86.ActiveCfg = Release|Any CPU
		{75658CCC-5BE9-4EB0-80CC-11AFE00B4094}.Release|x86.Build.0 = Release|Any CPU
		{37B877E5-48BB-442B-B5FF-1B943C344619}.Debug|Any CPU.ActiveCfg = Debug|Any CPU
		{37B877E5-48BB-442B-B5FF-1B943C344619}.Debug|Any CPU.Build.0 = Debug|Any CPU
		{37B877E5-48BB-442B-B5FF-1B943C344619}.Debug|x64.ActiveCfg = Debug|Any CPU
		{37B877E5-48BB-442B-B5FF-1B943C344619}.Debug|x64.Build.0 = Debug|Any CPU
		{37B877E5-48BB-442B-B5FF-1B943C344619}.Debug|x86.ActiveCfg = Debug|Any CPU
		{37B877E5-48BB-442B-B5FF-1B943C344619}.Debug|x86.Build.0 = Debug|Any CPU
		{37B877E5-48BB-442B-B5FF-1B943C344619}.Release|Any CPU.ActiveCfg = Release|Any CPU
		{37B877E5-48BB-442B-B5FF-1B943C344619}.Release|Any CPU.Build.0 = Release|Any CPU
		{37B877E5-48BB-442B-B5FF-1B943C344619}.Release|x64.ActiveCfg = Release|Any CPU
		{37B877E5-48BB-442B-B5FF-1B943C344619}.Release|x64.Build.0 = Release|Any CPU
		{37B877E5-48BB-442B-B5FF-1B943C344619}.Release|x86.ActiveCfg = Release|Any CPU
		{37B877E5-48BB-442B-B5FF-1B943C344619}.Release|x86.Build.0 = Release|Any CPU
		{6D0C13CC-89D5-40C6-A6D8-C694D7148138}.Debug|Any CPU.ActiveCfg = Debug|Any CPU
		{6D0C13CC-89D5-40C6-A6D8-C694D7148138}.Debug|Any CPU.Build.0 = Debug|Any CPU
		{6D0C13CC-89D5-40C6-A6D8-C694D7148138}.Debug|x64.ActiveCfg = Debug|Any CPU
		{6D0C13CC-89D5-40C6-A6D8-C694D7148138}.Debug|x64.Build.0 = Debug|Any CPU
		{6D0C13CC-89D5-40C6-A6D8-C694D7148138}.Debug|x86.ActiveCfg = Debug|Any CPU
		{6D0C13CC-89D5-40C6-A6D8-C694D7148138}.Debug|x86.Build.0 = Debug|Any CPU
		{6D0C13CC-89D5-40C6-A6D8-C694D7148138}.Release|Any CPU.ActiveCfg = Release|Any CPU
		{6D0C13CC-89D5-40C6-A6D8-C694D7148138}.Release|Any CPU.Build.0 = Release|Any CPU
		{6D0C13CC-89D5-40C6-A6D8-C694D7148138}.Release|x64.ActiveCfg = Release|Any CPU
		{6D0C13CC-89D5-40C6-A6D8-C694D7148138}.Release|x64.Build.0 = Release|Any CPU
		{6D0C13CC-89D5-40C6-A6D8-C694D7148138}.Release|x86.ActiveCfg = Release|Any CPU
		{6D0C13CC-89D5-40C6-A6D8-C694D7148138}.Release|x86.Build.0 = Release|Any CPU
		{32E6E053-2F18-49E7-8357-F97BA95BD244}.Debug|Any CPU.ActiveCfg = Debug|Any CPU
		{32E6E053-2F18-49E7-8357-F97BA95BD244}.Debug|Any CPU.Build.0 = Debug|Any CPU
		{32E6E053-2F18-49E7-8357-F97BA95BD244}.Debug|x64.ActiveCfg = Debug|Any CPU
		{32E6E053-2F18-49E7-8357-F97BA95BD244}.Debug|x64.Build.0 = Debug|Any CPU
		{32E6E053-2F18-49E7-8357-F97BA95BD244}.Debug|x86.ActiveCfg = Debug|Any CPU
		{32E6E053-2F18-49E7-8357-F97BA95BD244}.Debug|x86.Build.0 = Debug|Any CPU
		{32E6E053-2F18-49E7-8357-F97BA95BD244}.Release|Any CPU.ActiveCfg = Release|Any CPU
		{32E6E053-2F18-49E7-8357-F97BA95BD244}.Release|Any CPU.Build.0 = Release|Any CPU
		{32E6E053-2F18-49E7-8357-F97BA95BD244}.Release|x64.ActiveCfg = Release|Any CPU
		{32E6E053-2F18-49E7-8357-F97BA95BD244}.Release|x64.Build.0 = Release|Any CPU
		{32E6E053-2F18-49E7-8357-F97BA95BD244}.Release|x86.ActiveCfg = Release|Any CPU
		{32E6E053-2F18-49E7-8357-F97BA95BD244}.Release|x86.Build.0 = Release|Any CPU
		{69D843BC-CB59-49C0-8171-D80B75C95973}.Debug|Any CPU.ActiveCfg = Debug|Any CPU
		{69D843BC-CB59-49C0-8171-D80B75C95973}.Debug|Any CPU.Build.0 = Debug|Any CPU
		{69D843BC-CB59-49C0-8171-D80B75C95973}.Debug|x64.ActiveCfg = Debug|Any CPU
		{69D843BC-CB59-49C0-8171-D80B75C95973}.Debug|x64.Build.0 = Debug|Any CPU
		{69D843BC-CB59-49C0-8171-D80B75C95973}.Debug|x86.ActiveCfg = Debug|Any CPU
		{69D843BC-CB59-49C0-8171-D80B75C95973}.Debug|x86.Build.0 = Debug|Any CPU
		{69D843BC-CB59-49C0-8171-D80B75C95973}.Release|Any CPU.ActiveCfg = Release|Any CPU
		{69D843BC-CB59-49C0-8171-D80B75C95973}.Release|Any CPU.Build.0 = Release|Any CPU
		{69D843BC-CB59-49C0-8171-D80B75C95973}.Release|x64.ActiveCfg = Release|Any CPU
		{69D843BC-CB59-49C0-8171-D80B75C95973}.Release|x64.Build.0 = Release|Any CPU
		{69D843BC-CB59-49C0-8171-D80B75C95973}.Release|x86.ActiveCfg = Release|Any CPU
		{69D843BC-CB59-49C0-8171-D80B75C95973}.Release|x86.Build.0 = Release|Any CPU
		{E8F8EBF8-BF1F-4079-A387-59F7F6F5DE4A}.Debug|Any CPU.ActiveCfg = Debug|Any CPU
		{E8F8EBF8-BF1F-4079-A387-59F7F6F5DE4A}.Debug|Any CPU.Build.0 = Debug|Any CPU
		{E8F8EBF8-BF1F-4079-A387-59F7F6F5DE4A}.Debug|x64.ActiveCfg = Debug|Any CPU
		{E8F8EBF8-BF1F-4079-A387-59F7F6F5DE4A}.Debug|x64.Build.0 = Debug|Any CPU
		{E8F8EBF8-BF1F-4079-A387-59F7F6F5DE4A}.Debug|x86.ActiveCfg = Debug|Any CPU
		{E8F8EBF8-BF1F-4079-A387-59F7F6F5DE4A}.Debug|x86.Build.0 = Debug|Any CPU
		{E8F8EBF8-BF1F-4079-A387-59F7F6F5DE4A}.Release|Any CPU.ActiveCfg = Release|Any CPU
		{E8F8EBF8-BF1F-4079-A387-59F7F6F5DE4A}.Release|Any CPU.Build.0 = Release|Any CPU
		{E8F8EBF8-BF1F-4079-A387-59F7F6F5DE4A}.Release|x64.ActiveCfg = Release|Any CPU
		{E8F8EBF8-BF1F-4079-A387-59F7F6F5DE4A}.Release|x64.Build.0 = Release|Any CPU
		{E8F8EBF8-BF1F-4079-A387-59F7F6F5DE4A}.Release|x86.ActiveCfg = Release|Any CPU
		{E8F8EBF8-BF1F-4079-A387-59F7F6F5DE4A}.Release|x86.Build.0 = Release|Any CPU
	EndGlobalSection
	GlobalSection(SolutionProperties) = preSolution
		HideSolutionNode = FALSE
	EndGlobalSection
	GlobalSection(NestedProjects) = preSolution
		{3012E429-32C6-6F7F-04E4-AF65854B25B1} = {CA253913-39DE-BFD0-C9A3-4B7EC6FBDF17}
		{EEE019E1-7B19-4E4D-8CCE-EB4B4BD0F726} = {3012E429-32C6-6F7F-04E4-AF65854B25B1}
		{C24F6E69-EDE4-4D7A-A3C9-DB01793D6915} = {3012E429-32C6-6F7F-04E4-AF65854B25B1}
		{D4A58510-B04A-4559-B926-BD554862C323} = {3012E429-32C6-6F7F-04E4-AF65854B25B1}
		{6D8791B0-2E9B-9D7C-238E-24C7A63BC390} = {CA253913-39DE-BFD0-C9A3-4B7EC6FBDF17}
		{8D343F08-2E93-40E7-B407-83341BA0ED9D} = {6D8791B0-2E9B-9D7C-238E-24C7A63BC390}
		{953C915E-F268-40DF-BE7C-D7E6CFF29B30} = {6D8791B0-2E9B-9D7C-238E-24C7A63BC390}
		{DB0BC9B4-6BE6-4407-849B-003F6F226D67} = {6D8791B0-2E9B-9D7C-238E-24C7A63BC390}
		{85F285CF-10D9-4DCA-9FC8-071AA3F7E4F5} = {6D8791B0-2E9B-9D7C-238E-24C7A63BC390}
		{85280D5D-5A8D-E4C5-03EB-5861EF493279} = {CA253913-39DE-BFD0-C9A3-4B7EC6FBDF17}
		{2E644C98-CDBD-44B7-B44B-148B7C48D584} = {85280D5D-5A8D-E4C5-03EB-5861EF493279}
		{F0AAC794-5266-45CE-8511-DD2171D4198D} = {85280D5D-5A8D-E4C5-03EB-5861EF493279}
		{C2CB6166-7D16-4135-92E4-DDE7E487E614} = {85280D5D-5A8D-E4C5-03EB-5861EF493279}
		{FA560D34-EBFB-4F63-AAF3-43F4238B8BBB} = {85280D5D-5A8D-E4C5-03EB-5861EF493279}
		{15ECD91A-19B0-9C9D-8F13-3531AF2D559A} = {CA253913-39DE-BFD0-C9A3-4B7EC6FBDF17}
		{1B8B39EC-D54E-4E69-8E2B-0E3FD0399CF5} = {15ECD91A-19B0-9C9D-8F13-3531AF2D559A}
		{2D39FA60-3454-4766-97B5-21A1A6D64B31} = {15ECD91A-19B0-9C9D-8F13-3531AF2D559A}
		{75658CCC-5BE9-4EB0-80CC-11AFE00B4094} = {15ECD91A-19B0-9C9D-8F13-3531AF2D559A}
		{37B877E5-48BB-442B-B5FF-1B943C344619} = {15ECD91A-19B0-9C9D-8F13-3531AF2D559A}
		{2C45D3E7-0C4E-FDC1-9E31-2AF62B189DEA} = {CA253913-39DE-BFD0-C9A3-4B7EC6FBDF17}
		{6D0C13CC-89D5-40C6-A6D8-C694D7148138} = {2C45D3E7-0C4E-FDC1-9E31-2AF62B189DEA}
		{32E6E053-2F18-49E7-8357-F97BA95BD244} = {2C45D3E7-0C4E-FDC1-9E31-2AF62B189DEA}
		{69D843BC-CB59-49C0-8171-D80B75C95973} = {2C45D3E7-0C4E-FDC1-9E31-2AF62B189DEA}
		{E8F8EBF8-BF1F-4079-A387-59F7F6F5DE4A} = {2C45D3E7-0C4E-FDC1-9E31-2AF62B189DEA}
	EndGlobalSection
EndGlobal
